
Microsoft Visual Studio Solution File, Format Version 12.00
# Visual Studio 15
VisualStudioVersion = 15.0.27130.2010
MinimumVisualStudioVersion = 10.0.40219.1
Project("{2150E333-8FDC-42A3-9474-1A3956D46DE8}") = "Solution", "Solution", "{5D6A31AD-0852-4300-BDBB-D317BD9622A3}"
	ProjectSection(SolutionItems) = preProject
		.editorconfig = .editorconfig
	EndProjectSection
EndProject
Project("{FAE04EC0-301F-11D3-BF4B-00C04F79EFBC}") = "ExifToolWrapper", "ExifToolWrapper\ExifToolWrapper.csproj", "{142FD277-25C9-418F-AF11-5DFDDE81CA86}"
EndProject
Project("{FAE04EC0-301F-11D3-BF4B-00C04F79EFBC}") = "ExifToolWrapper.Tests", "ExifToolWrapperTests\ExifToolWrapper.Tests.csproj", "{CAAC72CB-1D06-4586-9CD5-2A65C771B1D0}"
EndProject
Global
	GlobalSection(SolutionConfigurationPlatforms) = preSolution
		Debug|Any CPU = Debug|Any CPU
		Release|Any CPU = Release|Any CPU
	EndGlobalSection
	GlobalSection(ProjectConfigurationPlatforms) = postSolution
		{142FD277-25C9-418F-AF11-5DFDDE81CA86}.Debug|Any CPU.ActiveCfg = Debug|Any CPU
		{142FD277-25C9-418F-AF11-5DFDDE81CA86}.Debug|Any CPU.Build.0 = Debug|Any CPU
		{142FD277-25C9-418F-AF11-5DFDDE81CA86}.Release|Any CPU.ActiveCfg = Debug|Any CPU
		{142FD277-25C9-418F-AF11-5DFDDE81CA86}.Release|Any CPU.Build.0 = Debug|Any CPU
		{CAAC72CB-1D06-4586-9CD5-2A65C771B1D0}.Debug|Any CPU.ActiveCfg = Debug|Any CPU
		{CAAC72CB-1D06-4586-9CD5-2A65C771B1D0}.Debug|Any CPU.Build.0 = Debug|Any CPU
		{CAAC72CB-1D06-4586-9CD5-2A65C771B1D0}.Release|Any CPU.ActiveCfg = Debug|Any CPU
		{CAAC72CB-1D06-4586-9CD5-2A65C771B1D0}.Release|Any CPU.Build.0 = Debug|Any CPU
	EndGlobalSection
	GlobalSection(SolutionProperties) = preSolution
		HideSolutionNode = FALSE
	EndGlobalSection
	GlobalSection(ExtensibilityGlobals) = postSolution
		SolutionGuid = {30BFF874-FAE6-4B2F-9193-2E792304C132}
	EndGlobalSection
EndGlobal
